
Microsoft Visual Studio Solution File, Format Version 12.00
# Visual Studio 14
VisualStudioVersion = 14.0.25420.1
MinimumVisualStudioVersion = 10.0.40219.1
Project("{FAE04EC0-301F-11D3-BF4B-00C04F79EFBC}") = "TriggMine.SDK", "TriggMine.SDK\TriggMine.SDK.csproj", "{D6BA9EEC-1755-4A3D-AB13-80C71C33BD78}"
EndProject
Project("{FAE04EC0-301F-11D3-BF4B-00C04F79EFBC}") = "TriggMine.SDK.Tests", "TriggMine.SDK.Tests\TriggMine.SDK.Tests.csproj", "{80915F2D-235F-4D37-85A7-83490FAC6695}"
EndProject
Global
	GlobalSection(SolutionConfigurationPlatforms) = preSolution
		Debug|Any CPU = Debug|Any CPU
		Release|Any CPU = Release|Any CPU
	EndGlobalSection
	GlobalSection(ProjectConfigurationPlatforms) = postSolution
		{D6BA9EEC-1755-4A3D-AB13-80C71C33BD78}.Debug|Any CPU.ActiveCfg = Debug|Any CPU
		{D6BA9EEC-1755-4A3D-AB13-80C71C33BD78}.Debug|Any CPU.Build.0 = Debug|Any CPU
		{D6BA9EEC-1755-4A3D-AB13-80C71C33BD78}.Release|Any CPU.ActiveCfg = Release|Any CPU
		{D6BA9EEC-1755-4A3D-AB13-80C71C33BD78}.Release|Any CPU.Build.0 = Release|Any CPU
		{80915F2D-235F-4D37-85A7-83490FAC6695}.Debug|Any CPU.ActiveCfg = Debug|Any CPU
		{80915F2D-235F-4D37-85A7-83490FAC6695}.Debug|Any CPU.Build.0 = Debug|Any CPU
		{80915F2D-235F-4D37-85A7-83490FAC6695}.Release|Any CPU.ActiveCfg = Release|Any CPU
		{80915F2D-235F-4D37-85A7-83490FAC6695}.Release|Any CPU.Build.0 = Release|Any CPU
	EndGlobalSection
	GlobalSection(SolutionProperties) = preSolution
		HideSolutionNode = FALSE
	EndGlobalSection
EndGlobal
